
Microsoft Visual Studio Solution File, Format Version 12.00
Project("{FAE04EC0-301F-11D3-BF4B-00C04F79EFBC}") = "TestWebApp", "TestWebApp\TestWebApp.csproj", "{FE6C1147-326F-4A5E-B7B1-3B0115BE02EF}"
EndProject
Global
	GlobalSection(SolutionConfigurationPlatforms) = preSolution
		Debug|Any CPU = Debug|Any CPU
		Release|Any CPU = Release|Any CPU
	EndGlobalSection
	GlobalSection(ProjectConfigurationPlatforms) = postSolution
		{FE6C1147-326F-4A5E-B7B1-3B0115BE02EF}.Debug|Any CPU.ActiveCfg = Debug|Any CPU
		{FE6C1147-326F-4A5E-B7B1-3B0115BE02EF}.Debug|Any CPU.Build.0 = Debug|Any CPU
		{FE6C1147-326F-4A5E-B7B1-3B0115BE02EF}.Release|Any CPU.ActiveCfg = Release|Any CPU
		{FE6C1147-326F-4A5E-B7B1-3B0115BE02EF}.Release|Any CPU.Build.0 = Release|Any CPU
	EndGlobalSection
EndGlobal
